Microsoft Visual Studio Solution File, Format Version 12.00
# Visual Studio Version 17
VisualStudioVersion = 17.5.2.0
MinimumVisualStudioVersion = 10.0.40219.1
Project("{2150E333-8FDC-42A3-9474-1A3956D46DE8}") = "training", "training", "{11031A1B-6CF2-6729-B11E-F4265D97C099}"
EndProject
Project("{2150E333-8FDC-42A3-9474-1A3956D46DE8}") = "c-sharp", "c-sharp", "{37BF673B-CC22-36B8-ABD6-848943B87201}"
EndProject
Project("{FAE04EC0-301F-11D3-BF4B-00C04F79EFBC}") = "HelloConsole", "training\c-sharp\HelloConsole\HelloConsole.csproj", "{10EE5E6E-31EA-2A26-BE73-3A2455C75323}"
EndProject
Project("{FAE04EC0-301F-11D3-BF4B-00C04F79EFBC}") = "ChatApp", "training\c-sharp\ChatApp\ChatApp.csproj", "{BD41CD2F-484F-4BC6-CD13-E72F39459151}"
EndProject
Project("{2150E333-8FDC-42A3-9474-1A3956D46DE8}") = "tests", "tests", "{996AF1BE-9055-F219-5043-2C017F4847A2}"
EndProject
Project("{FAE04EC0-301F-11D3-BF4B-00C04F79EFBC}") = "HelloConsole.Tests", "training\c-sharp\tests\HelloConsole.Tests\HelloConsole.Tests.csproj", "{07304581-765F-7FF4-0AB5-525890837A50}"
EndProject
Project("{2150E333-8FDC-42A3-9474-1A3956D46DE8}") = "ChatApp (1)", "ChatApp (1)", "{6C000E17-E67A-5E5E-330B-2EBFD4163530}"
EndProject
Project("{2150E333-8FDC-42A3-9474-1A3956D46DE8}") = "tests", "tests", "{540C00EB-C9D2-99D8-DE77-72DBF0307717}"
EndProject
Project("{FAE04EC0-301F-11D3-BF4B-00C04F79EFBC}") = "ChatApp.Tests", "training\c-sharp\ChatApp\tests\ChatApp.Tests\ChatApp.Tests.csproj", "{F5E467C1-B769-F3B6-A94D-51EAEBF4667C}"
EndProject
Global
	GlobalSection(SolutionConfigurationPlatforms) = preSolution
		Debug|Any CPU = Debug|Any CPU
		Release|Any CPU = Release|Any CPU
	EndGlobalSection
	GlobalSection(ProjectConfigurationPlatforms) = postSolution
		{10EE5E6E-31EA-2A26-BE73-3A2455C75323}.Debug|Any CPU.ActiveCfg = Debug|Any CPU
		{10EE5E6E-31EA-2A26-BE73-3A2455C75323}.Debug|Any CPU.Build.0 = Debug|Any CPU
		{10EE5E6E-31EA-2A26-BE73-3A2455C75323}.Release|Any CPU.ActiveCfg = Release|Any CPU
		{10EE5E6E-31EA-2A26-BE73-3A2455C75323}.Release|Any CPU.Build.0 = Release|Any CPU
		{BD41CD2F-484F-4BC6-CD13-E72F39459151}.Debug|Any CPU.ActiveCfg = Debug|Any CPU
		{BD41CD2F-484F-4BC6-CD13-E72F39459151}.Debug|Any CPU.Build.0 = Debug|Any CPU
		{BD41CD2F-484F-4BC6-CD13-E72F39459151}.Release|Any CPU.ActiveCfg = Release|Any CPU
		{BD41CD2F-484F-4BC6-CD13-E72F39459151}.Release|Any CPU.Build.0 = Release|Any CPU
		{07304581-765F-7FF4-0AB5-525890837A50}.Debug|Any CPU.ActiveCfg = Debug|Any CPU
		{07304581-765F-7FF4-0AB5-525890837A50}.Debug|Any CPU.Build.0 = Debug|Any CPU
		{07304581-765F-7FF4-0AB5-525890837A50}.Release|Any CPU.ActiveCfg = Release|Any CPU
		{07304581-765F-7FF4-0AB5-525890837A50}.Release|Any CPU.Build.0 = Release|Any CPU
		{F5E467C1-B769-F3B6-A94D-51EAEBF4667C}.Debug|Any CPU.ActiveCfg = Debug|Any CPU
		{F5E467C1-B769-F3B6-A94D-51EAEBF4667C}.Debug|Any CPU.Build.0 = Debug|Any CPU
		{F5E467C1-B769-F3B6-A94D-51EAEBF4667C}.Release|Any CPU.ActiveCfg = Release|Any CPU
		{F5E467C1-B769-F3B6-A94D-51EAEBF4667C}.Release|Any CPU.Build.0 = Release|Any CPU
	EndGlobalSection
	GlobalSection(SolutionProperties) = preSolution
		HideSolutionNode = FALSE
	EndGlobalSection
	GlobalSection(NestedProjects) = preSolution
		{37BF673B-CC22-36B8-ABD6-848943B87201} = {11031A1B-6CF2-6729-B11E-F4265D97C099}
		{10EE5E6E-31EA-2A26-BE73-3A2455C75323} = {37BF673B-CC22-36B8-ABD6-848943B87201}
		{BD41CD2F-484F-4BC6-CD13-E72F39459151} = {37BF673B-CC22-36B8-ABD6-848943B87201}
		{996AF1BE-9055-F219-5043-2C017F4847A2} = {37BF673B-CC22-36B8-ABD6-848943B87201}
		{07304581-765F-7FF4-0AB5-525890837A50} = {996AF1BE-9055-F219-5043-2C017F4847A2}
		{6C000E17-E67A-5E5E-330B-2EBFD4163530} = {37BF673B-CC22-36B8-ABD6-848943B87201}
		{540C00EB-C9D2-99D8-DE77-72DBF0307717} = {6C000E17-E67A-5E5E-330B-2EBFD4163530}
		{F5E467C1-B769-F3B6-A94D-51EAEBF4667C} = {540C00EB-C9D2-99D8-DE77-72DBF0307717}
	EndGlobalSection
	GlobalSection(ExtensibilityGlobals) = postSolution
		SolutionGuid = {8A53EA93-06D0-4020-A595-87E48B4DC55B}
	EndGlobalSection
EndGlobal
